// !$*UTF8*$!
{
	archiveVersion = 1;
	classes = {
	};
	objectVersion = 50;
	objects = {

/* Begin PBXBuildFile section */
		070DF51122CA88DA00421A3B /* ApprovalViewController.swift in Sources */ = {isa = PBXBuildFile; fileRef = 070DF51022CA88DA00421A3B /* ApprovalViewController.swift */; };
		07245F8E22C27C0600B2524D /* URL.swift in Sources */ = {isa = PBXBuildFile; fileRef = 07245F8D22C27C0600B2524D /* URL.swift */; };
		07245F9022C27C2100B2524D /* Alert.swift in Sources */ = {isa = PBXBuildFile; fileRef = 07245F8F22C27C2100B2524D /* Alert.swift */; };
		07245F9222C2871400B2524D /* User.swift in Sources */ = {isa = PBXBuildFile; fileRef = 07245F9122C2871400B2524D /* User.swift */; };
		07245F9422C2943B00B2524D /* TicketTableViewCell.swift in Sources */ = {isa = PBXBuildFile; fileRef = 07245F9322C2943B00B2524D /* TicketTableViewCell.swift */; };
		07245F9622C2947900B2524D /* Ticket.swift in Sources */ = {isa = PBXBuildFile; fileRef = 07245F9522C2947900B2524D /* Ticket.swift */; };
		076D986022C3FAC3002CC0F3 /* ApprovalTableViewCell.swift in Sources */ = {isa = PBXBuildFile; fileRef = 076D985F22C3FAC3002CC0F3 /* ApprovalTableViewCell.swift */; };
		077C8C6222B041C200B04F0B /* HomeViewController.swift in Sources */ = {isa = PBXBuildFile; fileRef = 077C8C6122B041C200B04F0B /* HomeViewController.swift */; };
		077C8C6422B0420400B04F0B /* TicketsViewController.swift in Sources */ = {isa = PBXBuildFile; fileRef = 077C8C6322B0420400B04F0B /* TicketsViewController.swift */; };
		077C8C6622B0422100B04F0B /* ApprovalsViewController.swift in Sources */ = {isa = PBXBuildFile; fileRef = 077C8C6522B0422100B04F0B /* ApprovalsViewController.swift */; };
		077C8C6822B0455400B04F0B /* Colors.swift in Sources */ = {isa = PBXBuildFile; fileRef = 077C8C6722B0455400B04F0B /* Colors.swift */; };
		0782E20022CFB5FF00EE1D42 /* ReplyStruct.swift in Sources */ = {isa = PBXBuildFile; fileRef = 0782E1FF22CFB5FF00EE1D42 /* ReplyStruct.swift */; };
		0782E20222CFB76E00EE1D42 /* ApprovalReplyTableViewCell.swift in Sources */ = {isa = PBXBuildFile; fileRef = 0782E20122CFB76E00EE1D42 /* ApprovalReplyTableViewCell.swift */; };
		0782E20522CFEA3100EE1D42 /* CustomLabel.swift in Sources */ = {isa = PBXBuildFile; fileRef = 0782E20422CFEA3100EE1D42 /* CustomLabel.swift */; };
		0782E20722CFF08400EE1D42 /* ApprovalStruct.swift in Sources */ = {isa = PBXBuildFile; fileRef = 0782E20622CFF08400EE1D42 /* ApprovalStruct.swift */; };
		07C8F44822AEFCE400D69671 /* AppDelegate.swift in Sources */ = {isa = PBXBuildFile; fileRef = 07C8F44722AEFCE400D69671 /* AppDelegate.swift */; };
		07C8F45022AEFCE400D69671 /* HubdeskApp.xcdatamodeld in Sources */ = {isa = PBXBuildFile; fileRef = 07C8F44E22AEFCE400D69671 /* HubdeskApp.xcdatamodeld */; };
		07C8F45222AEFCE600D69671 /* Assets.xcassets in Resources */ = {isa = PBXBuildFile; fileRef = 07C8F45122AEFCE600D69671 /* Assets.xcassets */; };
		07C8F45522AEFCE600D69671 /* LaunchScreen.storyboard in Resources */ = {isa = PBXBuildFile; fileRef = 07C8F45322AEFCE600D69671 /* LaunchScreen.storyboard */; };
		07C8F46222AF027600D69671 /* LoginViewController.swift in Sources */ = {isa = PBXBuildFile; fileRef = 07C8F46122AF027600D69671 /* LoginViewController.swift */; };
		07D0CC4C22C752F2003CD057 /* ProfileViewController+extension.swift in Sources */ = {isa = PBXBuildFile; fileRef = 07D0CC4B22C752F2003CD057 /* ProfileViewController+extension.swift */; };
		07D0CC4F22C75920003CD057 /* TicketsViewController+extension.swift in Sources */ = {isa = PBXBuildFile; fileRef = 07D0CC4E22C75920003CD057 /* TicketsViewController+extension.swift */; };
		07D0CC5122C77EA4003CD057 /* Date.swift in Sources */ = {isa = PBXBuildFile; fileRef = 07D0CC5022C77EA4003CD057 /* Date.swift */; };
		07DD24C122BEAF9100596841 /* ProfileViewController.swift in Sources */ = {isa = PBXBuildFile; fileRef = 07DD24C022BEAF9100596841 /* ProfileViewController.swift */; };
		07EEEE4522CD29D900264DB2 /* ApprovalViewController+extension.swift in Sources */ = {isa = PBXBuildFile; fileRef = 07EEEE4422CD29D900264DB2 /* ApprovalViewController+extension.swift */; };
		07EEEE4722CD2A8F00264DB2 /* ApprovalCustomCell.swift in Sources */ = {isa = PBXBuildFile; fileRef = 07EEEE4622CD2A8F00264DB2 /* ApprovalCustomCell.swift */; };
		0838621EE0AEC057CBF55164 /* Pods_HubdeskApp.framework in Frameworks */ = {isa = PBXBuildFile; fileRef = F2385EB208AA40590AA6CFB3 /* Pods_HubdeskApp.framework */; };
		95F0334D22C48AC500038D8B /* Approval.swift in Sources */ = {isa = PBXBuildFile; fileRef = 95F0334C22C48AC500038D8B /* Approval.swift */; };
/* End PBXBuildFile section */

/* Begin PBXFileReference section */
		070DF51022CA88DA00421A3B /* ApprovalViewController.swift */ = {isa = PBXFileReference; lastKnownFileType = sourcecode.swift; path = ApprovalViewController.swift; sourceTree = "<group>"; };
		07245F8D22C27C0600B2524D /* URL.swift */ = {isa = PBXFileReference; lastKnownFileType = sourcecode.swift; path = URL.swift; sourceTree = "<group>"; };
		07245F8F22C27C2100B2524D /* Alert.swift */ = {isa = PBXFileReference; lastKnownFileType = sourcecode.swift; path = Alert.swift; sourceTree = "<group>"; };
		07245F9122C2871400B2524D /* User.swift */ = {isa = PBXFileReference; lastKnownFileType = sourcecode.swift; path = User.swift; sourceTree = "<group>"; };
		07245F9322C2943B00B2524D /* TicketTableViewCell.swift */ = {isa = PBXFileReference; lastKnownFileType = sourcecode.swift; path = TicketTableViewCell.swift; sourceTree = "<group>"; };
		07245F9522C2947900B2524D /* Ticket.swift */ = {isa = PBXFileReference; lastKnownFileType = sourcecode.swift; path = Ticket.swift; sourceTree = "<group>"; };
		076D985F22C3FAC3002CC0F3 /* ApprovalTableViewCell.swift */ = {isa = PBXFileReference; lastKnownFileType = sourcecode.swift; path = ApprovalTableViewCell.swift; sourceTree = "<group>"; };
		077C8C6122B041C200B04F0B /* HomeViewController.swift */ = {isa = PBXFileReference; lastKnownFileType = sourcecode.swift; path = HomeViewController.swift; sourceTree = "<group>"; };
		077C8C6322B0420400B04F0B /* TicketsViewController.swift */ = {isa = PBXFileReference; lastKnownFileType = sourcecode.swift; path = TicketsViewController.swift; sourceTree = "<group>"; };
		077C8C6522B0422100B04F0B /* ApprovalsViewController.swift */ = {isa = PBXFileReference; lastKnownFileType = sourcecode.swift; path = ApprovalsViewController.swift; sourceTree = "<group>"; };
		077C8C6722B0455400B04F0B /* Colors.swift */ = {isa = PBXFileReference; lastKnownFileType = sourcecode.swift; path = Colors.swift; sourceTree = "<group>"; };
		0782E1FF22CFB5FF00EE1D42 /* ReplyStruct.swift */ = {isa = PBXFileReference; lastKnownFileType = sourcecode.swift; path = ReplyStruct.swift; sourceTree = "<group>"; };
		0782E20122CFB76E00EE1D42 /* ApprovalReplyTableViewCell.swift */ = {isa = PBXFileReference; lastKnownFileType = sourcecode.swift; path = ApprovalReplyTableViewCell.swift; sourceTree = "<group>"; };
		0782E20422CFEA3100EE1D42 /* CustomLabel.swift */ = {isa = PBXFileReference; lastKnownFileType = sourcecode.swift; path = CustomLabel.swift; sourceTree = "<group>"; };
		0782E20622CFF08400EE1D42 /* ApprovalStruct.swift */ = {isa = PBXFileReference; lastKnownFileType = sourcecode.swift; path = ApprovalStruct.swift; sourceTree = "<group>"; };
		07C8F44422AEFCE400D69671 /* HubdeskApp.app */ = {isa = PBXFileReference; explicitFileType = wrapper.application; includeInIndex = 0; path = HubdeskApp.app; sourceTree = BUILT_PRODUCTS_DIR; };
		07C8F44722AEFCE400D69671 /* AppDelegate.swift */ = {isa = PBXFileReference; lastKnownFileType = sourcecode.swift; path = AppDelegate.swift; sourceTree = "<group>"; };
		07C8F44F22AEFCE400D69671 /* HubdeskApp.xcdatamodel */ = {isa = PBXFileReference; lastKnownFileType = wrapper.xcdatamodel; path = HubdeskApp.xcdatamodel; sourceTree = "<group>"; };
		07C8F45122AEFCE600D69671 /* Assets.xcassets */ = {isa = PBXFileReference; lastKnownFileType = folder.assetcatalog; path = Assets.xcassets; sourceTree = "<group>"; };
		07C8F45422AEFCE600D69671 /* Base */ = {isa = PBXFileReference; lastKnownFileType = file.storyboard; name = Base; path = Base.lproj/LaunchScreen.storyboard; sourceTree = "<group>"; };
		07C8F45622AEFCE600D69671 /* Info.plist */ = {isa = PBXFileReference; lastKnownFileType = text.plist.xml; path = Info.plist; sourceTree = "<group>"; };
		07C8F46122AF027600D69671 /* LoginViewController.swift */ = {isa = PBXFileReference; lastKnownFileType = sourcecode.swift; path = LoginViewController.swift; sourceTree = "<group>"; };
		07D0CC4B22C752F2003CD057 /* ProfileViewController+extension.swift */ = {isa = PBXFileReference; lastKnownFileType = sourcecode.swift; path = "ProfileViewController+extension.swift"; sourceTree = "<group>"; };
		07D0CC4E22C75920003CD057 /* TicketsViewController+extension.swift */ = {isa = PBXFileReference; lastKnownFileType = sourcecode.swift; path = "TicketsViewController+extension.swift"; sourceTree = "<group>"; };
		07D0CC5022C77EA4003CD057 /* Date.swift */ = {isa = PBXFileReference; lastKnownFileType = sourcecode.swift; path = Date.swift; sourceTree = "<group>"; };
		07DD24C022BEAF9100596841 /* ProfileViewController.swift */ = {isa = PBXFileReference; lastKnownFileType = sourcecode.swift; path = ProfileViewController.swift; sourceTree = "<group>"; };
		07EEEE4422CD29D900264DB2 /* ApprovalViewController+extension.swift */ = {isa = PBXFileReference; lastKnownFileType = sourcecode.swift; path = "ApprovalViewController+extension.swift"; sourceTree = "<group>"; };
		07EEEE4622CD2A8F00264DB2 /* ApprovalCustomCell.swift */ = {isa = PBXFileReference; lastKnownFileType = sourcecode.swift; path = ApprovalCustomCell.swift; sourceTree = "<group>"; };
		7327124A6BD0F9EC8EA0AE85 /* Pods-HubdeskApp.release.xcconfig */ = {isa = PBXFileReference; includeInIndex = 1; lastKnownFileType = text.xcconfig; name = "Pods-HubdeskApp.release.xcconfig"; path = "Target Support Files/Pods-HubdeskApp/Pods-HubdeskApp.release.xcconfig"; sourceTree = "<group>"; };
		95F0334C22C48AC500038D8B /* Approval.swift */ = {isa = PBXFileReference; lastKnownFileType = sourcecode.swift; path = Approval.swift; sourceTree = "<group>"; };
		A27AEA14AFD13CEAC428310A /* Pods-HubdeskApp.debug.xcconfig */ = {isa = PBXFileReference; includeInIndex = 1; lastKnownFileType = text.xcconfig; name = "Pods-HubdeskApp.debug.xcconfig"; path = "Target Support Files/Pods-HubdeskApp/Pods-HubdeskApp.debug.xcconfig"; sourceTree = "<group>"; };
		F2385EB208AA40590AA6CFB3 /* Pods_HubdeskApp.framework */ = {isa = PBXFileReference; explicitFileType = wrapper.framework; includeInIndex = 0; path = Pods_HubdeskApp.framework; sourceTree = BUILT_PRODUCTS_DIR; };
/* End PBXFileReference section */

/* Begin PBXFrameworksBuildPhase section */
		07C8F44122AEFCE400D69671 /* Frameworks */ = {
			isa = PBXFrameworksBuildPhase;
			buildActionMask = 2147483647;
			files = (
				0838621EE0AEC057CBF55164 /* Pods_HubdeskApp.framework in Frameworks */,
			);
			runOnlyForDeploymentPostprocessing = 0;
		};
/* End PBXFrameworksBuildPhase section */

/* Begin PBXGroup section */
		0782E1FE22CFB5EC00EE1D42 /* Structs */ = {
			isa = PBXGroup;
			children = (
				0782E1FF22CFB5FF00EE1D42 /* ReplyStruct.swift */,
				0782E20622CFF08400EE1D42 /* ApprovalStruct.swift */,
			);
			path = Structs;
			sourceTree = "<group>";
		};
		0782E20322CFEA1300EE1D42 /* IBDesignables */ = {
			isa = PBXGroup;
			children = (
				0782E20422CFEA3100EE1D42 /* CustomLabel.swift */,
			);
			path = IBDesignables;
			sourceTree = "<group>";
		};
		07C8F43B22AEFCE400D69671 = {
			isa = PBXGroup;
			children = (
				07C8F44622AEFCE400D69671 /* HubdeskApp */,
				07C8F44522AEFCE400D69671 /* Products */,
				D5BC72278696806DBA1237A8 /* Pods */,
				69BEB71A96825EE421360A93 /* Frameworks */,
			);
			sourceTree = "<group>";
		};
		07C8F44522AEFCE400D69671 /* Products */ = {
			isa = PBXGroup;
			children = (
				07C8F44422AEFCE400D69671 /* HubdeskApp.app */,
			);
			name = Products;
			sourceTree = "<group>";
		};
		07C8F44622AEFCE400D69671 /* HubdeskApp */ = {
			isa = PBXGroup;
			children = (
				0782E20322CFEA1300EE1D42 /* IBDesignables */,
				0782E1FE22CFB5EC00EE1D42 /* Structs */,
				07D0CC4D22C75304003CD057 /* Extensions */,
				07C8F46022AF025800D69671 /* Helpers */,
				07C8F45F22AF025300D69671 /* Cell */,
				07C8F45E22AF024D00D69671 /* View */,
				07C8F45D22AF024300D69671 /* Model */,
				07C8F45C22AF023900D69671 /* Controller */,
				07C8F44722AEFCE400D69671 /* AppDelegate.swift */,
				07C8F45122AEFCE600D69671 /* Assets.xcassets */,
				07C8F45322AEFCE600D69671 /* LaunchScreen.storyboard */,
				07C8F45622AEFCE600D69671 /* Info.plist */,
				07C8F44E22AEFCE400D69671 /* HubdeskApp.xcdatamodeld */,
			);
			path = HubdeskApp;
			sourceTree = "<group>";
		};
		07C8F45C22AF023900D69671 /* Controller */ = {
			isa = PBXGroup;
			children = (
				07C8F46122AF027600D69671 /* LoginViewController.swift */,
				077C8C6122B041C200B04F0B /* HomeViewController.swift */,
				077C8C6322B0420400B04F0B /* TicketsViewController.swift */,
				077C8C6522B0422100B04F0B /* ApprovalsViewController.swift */,
				07DD24C022BEAF9100596841 /* ProfileViewController.swift */,
				070DF51022CA88DA00421A3B /* ApprovalViewController.swift */,
			);
			path = Controller;
			sourceTree = "<group>";
		};
		07C8F45D22AF024300D69671 /* Model */ = {
			isa = PBXGroup;
			children = (
				07245F9122C2871400B2524D /* User.swift */,
				07245F9522C2947900B2524D /* Ticket.swift */,
				95F0334C22C48AC500038D8B /* Approval.swift */,
			);
			path = Model;
			sourceTree = "<group>";
		};
		07C8F45E22AF024D00D69671 /* View */ = {
			isa = PBXGroup;
			children = (
			);
			path = View;
			sourceTree = "<group>";
		};
		07C8F45F22AF025300D69671 /* Cell */ = {
			isa = PBXGroup;
			children = (
				07245F9322C2943B00B2524D /* TicketTableViewCell.swift */,
				076D985F22C3FAC3002CC0F3 /* ApprovalTableViewCell.swift */,
				07EEEE4622CD2A8F00264DB2 /* ApprovalCustomCell.swift */,
				0782E20122CFB76E00EE1D42 /* ApprovalReplyTableViewCell.swift */,
			);
			path = Cell;
			sourceTree = "<group>";
		};
		07C8F46022AF025800D69671 /* Helpers */ = {
			isa = PBXGroup;
			children = (
				077C8C6722B0455400B04F0B /* Colors.swift */,
				07245F8D22C27C0600B2524D /* URL.swift */,
				07245F8F22C27C2100B2524D /* Alert.swift */,
				07D0CC5022C77EA4003CD057 /* Date.swift */,
			);
			path = Helpers;
			sourceTree = "<group>";
		};
		07D0CC4D22C75304003CD057 /* Extensions */ = {
			isa = PBXGroup;
			children = (
				07D0CC4B22C752F2003CD057 /* ProfileViewController+extension.swift */,
				07D0CC4E22C75920003CD057 /* TicketsViewController+extension.swift */,
				07EEEE4422CD29D900264DB2 /* ApprovalViewController+extension.swift */,
			);
			path = Extensions;
			sourceTree = "<group>";
		};
		69BEB71A96825EE421360A93 /* Frameworks */ = {
			isa = PBXGroup;
			children = (
				F2385EB208AA40590AA6CFB3 /* Pods_HubdeskApp.framework */,
			);
			name = Frameworks;
			sourceTree = "<group>";
		};
		D5BC72278696806DBA1237A8 /* Pods */ = {
			isa = PBXGroup;
			children = (
				A27AEA14AFD13CEAC428310A /* Pods-HubdeskApp.debug.xcconfig */,
				7327124A6BD0F9EC8EA0AE85 /* Pods-HubdeskApp.release.xcconfig */,
			);
			path = Pods;
			sourceTree = "<group>";
		};
/* End PBXGroup section */

/* Begin PBXNativeTarget section */
		07C8F44322AEFCE400D69671 /* HubdeskApp */ = {
			isa = PBXNativeTarget;
			buildConfigurationList = 07C8F45922AEFCE600D69671 /* Build configuration list for PBXNativeTarget "HubdeskApp" */;
			buildPhases = (
				DF3AD61416D826931BCE5F71 /* [CP] Check Pods Manifest.lock */,
				07C8F44022AEFCE400D69671 /* Sources */,
				07C8F44122AEFCE400D69671 /* Frameworks */,
				07C8F44222AEFCE400D69671 /* Resources */,
				50E5A423924434845AD01D2F /* [CP] Embed Pods Frameworks */,
			);
			buildRules = (
			);
			dependencies = (
			);
			name = HubdeskApp;
			productName = HubdeskApp;
			productReference = 07C8F44422AEFCE400D69671 /* HubdeskApp.app */;
			productType = "com.apple.product-type.application";
		};
/* End PBXNativeTarget section */

/* Begin PBXProject section */
		07C8F43C22AEFCE400D69671 /* Project object */ = {
			isa = PBXProject;
			attributes = {
				LastSwiftUpdateCheck = 1010;
				LastUpgradeCheck = 1010;
				ORGANIZATIONNAME = garana;
				TargetAttributes = {
					07C8F44322AEFCE400D69671 = {
						CreatedOnToolsVersion = 10.1;
					};
				};
			};
			buildConfigurationList = 07C8F43F22AEFCE400D69671 /* Build configuration list for PBXProject "HubdeskApp" */;
			compatibilityVersion = "Xcode 9.3";
			developmentRegion = en;
			hasScannedForEncodings = 0;
			knownRegions = (
				en,
				Base,
			);
			mainGroup = 07C8F43B22AEFCE400D69671;
			productRefGroup = 07C8F44522AEFCE400D69671 /* Products */;
			projectDirPath = "";
			projectRoot = "";
			targets = (
				07C8F44322AEFCE400D69671 /* HubdeskApp */,
			);
		};
/* End PBXProject section */

/* Begin PBXResourcesBuildPhase section */
		07C8F44222AEFCE400D69671 /* Resources */ = {
			isa = PBXResourcesBuildPhase;
			buildActionMask = 2147483647;
			files = (
				07C8F45522AEFCE600D69671 /* LaunchScreen.storyboard in Resources */,
				07C8F45222AEFCE600D69671 /* Assets.xcassets in Resources */,
			);
			runOnlyForDeploymentPostprocessing = 0;
		};
/* End PBXResourcesBuildPhase section */

/* Begin PBXShellScriptBuildPhase section */
		50E5A423924434845AD01D2F /* [CP] Embed Pods Frameworks */ = {
			isa = PBXShellScriptBuildPhase;
			buildActionMask = 2147483647;
			files = (
			);
			inputFileListPaths = (
			);
			inputPaths = (
				"${PODS_ROOT}/Target Support Files/Pods-HubdeskApp/Pods-HubdeskApp-frameworks.sh",
				"${BUILT_PRODUCTS_DIR}/Alamofire/Alamofire.framework",
			);
			name = "[CP] Embed Pods Frameworks";
			outputFileListPaths = (
			);
			outputPaths = (
				"${TARGET_BUILD_DIR}/${FRAMEWORKS_FOLDER_PATH}/Alamofire.framework",
			);
			runOnlyForDeploymentPostprocessing = 0;
			shellPath = /bin/sh;
			shellScript = "\"${PODS_ROOT}/Target Support Files/Pods-HubdeskApp/Pods-HubdeskApp-frameworks.sh\"\n";
			showEnvVarsInLog = 0;
		};
		DF3AD61416D826931BCE5F71 /* [CP] Check Pods Manifest.lock */ = {
			isa = PBXShellScriptBuildPhase;
			buildActionMask = 2147483647;
			files = (
			);
			inputFileListPaths = (
			);
			inputPaths = (
				"${PODS_PODFILE_DIR_PATH}/Podfile.lock",
				"${PODS_ROOT}/Manifest.lock",
			);
			name = "[CP] Check Pods Manifest.lock";
			outputFileListPaths = (
			);
			outputPaths = (
				"$(DERIVED_FILE_DIR)/Pods-HubdeskApp-checkManifestLockResult.txt",
			);
			runOnlyForDeploymentPostprocessing = 0;
			shellPath = /bin/sh;
			shellScript = "diff \"${PODS_PODFILE_DIR_PATH}/Podfile.lock\" \"${PODS_ROOT}/Manifest.lock\" > /dev/null\nif [ $? != 0 ] ; then\n    # print error to STDERR\n    echo \"error: The sandbox is not in sync with the Podfile.lock. Run 'pod install' or update your CocoaPods installation.\" >&2\n    exit 1\nfi\n# This output is used by Xcode 'outputs' to avoid re-running this script phase.\necho \"SUCCESS\" > \"${SCRIPT_OUTPUT_FILE_0}\"\n";
			showEnvVarsInLog = 0;
		};
/* End PBXShellScriptBuildPhase section */

/* Begin PBXSourcesBuildPhase section */
		07C8F44022AEFCE400D69671 /* Sources */ = {
			isa = PBXSourcesBuildPhase;
			buildActionMask = 2147483647;
			files = (
				07EEEE4722CD2A8F00264DB2 /* ApprovalCustomCell.swift in Sources */,
				0782E20022CFB5FF00EE1D42 /* ReplyStruct.swift in Sources */,
				07C8F46222AF027600D69671 /* LoginViewController.swift in Sources */,
				077C8C6422B0420400B04F0B /* TicketsViewController.swift in Sources */,
				07245F8E22C27C0600B2524D /* URL.swift in Sources */,
				07245F9422C2943B00B2524D /* TicketTableViewCell.swift in Sources */,
				0782E20722CFF08400EE1D42 /* ApprovalStruct.swift in Sources */,
				95F0334D22C48AC500038D8B /* Approval.swift in Sources */,
				0782E20522CFEA3100EE1D42 /* CustomLabel.swift in Sources */,
				07EEEE4522CD29D900264DB2 /* ApprovalViewController+extension.swift in Sources */,
				07C8F45022AEFCE400D69671 /* HubdeskApp.xcdatamodeld in Sources */,
				077C8C6822B0455400B04F0B /* Colors.swift in Sources */,
				07D0CC5122C77EA4003CD057 /* Date.swift in Sources */,
				070DF51122CA88DA00421A3B /* ApprovalViewController.swift in Sources */,
				07245F9622C2947900B2524D /* Ticket.swift in Sources */,
				07D0CC4C22C752F2003CD057 /* ProfileViewController+extension.swift in Sources */,
				07C8F44822AEFCE400D69671 /* AppDelegate.swift in Sources */,
				077C8C6622B0422100B04F0B /* ApprovalsViewController.swift in Sources */,
				07DD24C122BEAF9100596841 /* ProfileViewController.swift in Sources */,
				07D0CC4F22C75920003CD057 /* TicketsViewController+extension.swift in Sources */,
				076D986022C3FAC3002CC0F3 /* ApprovalTableViewCell.swift in Sources */,
				07245F9022C27C2100B2524D /* Alert.swift in Sources */,
				077C8C6222B041C200B04F0B /* HomeViewController.swift in Sources */,
				0782E20222CFB76E00EE1D42 /* ApprovalReplyTableViewCell.swift in Sources */,
				07245F9222C2871400B2524D /* User.swift in Sources */,
			);
			runOnlyForDeploymentPostprocessing = 0;
		};
/* End PBXSourcesBuildPhase section */

/* Begin PBXVariantGroup section */
		07C8F45322AEFCE600D69671 /* LaunchScreen.storyboard */ = {
			isa = PBXVariantGroup;
			children = (
				07C8F45422AEFCE600D69671 /* Base */,
			);
			name = LaunchScreen.storyboard;
			sourceTree = "<group>";
		};
/* End PBXVariantGroup section */

/* Begin XCBuildConfiguration section */
		07C8F45722AEFCE600D69671 /* Debug */ = {
			isa = XCBuildConfiguration;
			buildSettings = {
				ALWAYS_SEARCH_USER_PATHS = NO;
				CLANG_ANALYZER_NONNULL = YES;
				CLANG_ANALYZER_NUMBER_OBJECT_CONVERSION = YES_AGGRESSIVE;
				CLANG_CXX_LANGUAGE_STANDARD = "gnu++14";
				CLANG_CXX_LIBRARY = "libc++";
				CLANG_ENABLE_MODULES = YES;
				CLANG_ENABLE_OBJC_ARC = YES;
				CLANG_ENABLE_OBJC_WEAK = YES;
				CLANG_WARN_BLOCK_CAPTURE_AUTORELEASING = YES;
				CLANG_WARN_BOOL_CONVERSION = YES;
				CLANG_WARN_COMMA = YES;
				CLANG_WARN_CONSTANT_CONVERSION = YES;
				CLANG_WARN_DEPRECATED_OBJC_IMPLEMENTATIONS = YES;
				CLANG_WARN_DIRECT_OBJC_ISA_USAGE = YES_ERROR;
				CLANG_WARN_DOCUMENTATION_COMMENTS = YES;
				CLANG_WARN_EMPTY_BODY = YES;
				CLANG_WARN_ENUM_CONVERSION = YES;
				CLANG_WARN_INFINITE_RECURSION = YES;
				CLANG_WARN_INT_CONVERSION = YES;
				CLANG_WARN_NON_LITERAL_NULL_CONVERSION = YES;
				CLANG_WARN_OBJC_IMPLICIT_RETAIN_SELF = YES;
				CLANG_WARN_OBJC_LITERAL_CONVERSION = YES;
				CLANG_WARN_OBJC_ROOT_CLASS = YES_ERROR;
				CLANG_WARN_RANGE_LOOP_ANALYSIS = YES;
				CLANG_WARN_STRICT_PROTOTYPES = YES;
				CLANG_WARN_SUSPICIOUS_MOVE = YES;
				CLANG_WARN_UNGUARDED_AVAILABILITY = YES_AGGRESSIVE;
				CLANG_WARN_UNREACHABLE_CODE = YES;
				CLANG_WARN__DUPLICATE_METHOD_MATCH = YES;
				CODE_SIGN_IDENTITY = "iPhone Developer";
				COPY_PHASE_STRIP = NO;
				DEBUG_INFORMATION_FORMAT = dwarf;
				ENABLE_STRICT_OBJC_MSGSEND = YES;
				ENABLE_TESTABILITY = YES;
				GCC_C_LANGUAGE_STANDARD = gnu11;
				GCC_DYNAMIC_NO_PIC = NO;
				GCC_NO_COMMON_BLOCKS = YES;
				GCC_OPTIMIZATION_LEVEL = 0;
				GCC_PREPROCESSOR_DEFINITIONS = (
					"DEBUG=1",
					"$(inherited)",
				);
				GCC_WARN_64_TO_32_BIT_CONVERSION = YES;
				GCC_WARN_ABOUT_RETURN_TYPE = YES_ERROR;
				GCC_WARN_UNDECLARED_SELECTOR = YES;
				GCC_WARN_UNINITIALIZED_AUTOS = YES_AGGRESSIVE;
				GCC_WARN_UNUSED_FUNCTION = YES;
				GCC_WARN_UNUSED_VARIABLE = YES;
				IPHONEOS_DEPLOYMENT_TARGET = 12.1;
				MTL_ENABLE_DEBUG_INFO = INCLUDE_SOURCE;
				MTL_FAST_MATH = YES;
				ONLY_ACTIVE_ARCH = YES;
				SDKROOT = iphoneos;
				SWIFT_ACTIVE_COMPILATION_CONDITIONS = DEBUG;
				SWIFT_OPTIMIZATION_LEVEL = "-Onone";
			};
			name = Debug;
		};
		07C8F45822AEFCE600D69671 /* Release */ = {
			isa = XCBuildConfiguration;
			buildSettings = {
				ALWAYS_SEARCH_USER_PATHS = NO;
				CLANG_ANALYZER_NONNULL = YES;
				CLANG_ANALYZER_NUMBER_OBJECT_CONVERSION = YES_AGGRESSIVE;
				CLANG_CXX_LANGUAGE_STANDARD = "gnu++14";
				CLANG_CXX_LIBRARY = "libc++";
				CLANG_ENABLE_MODULES = YES;
				CLANG_ENABLE_OBJC_ARC = YES;
				CLANG_ENABLE_OBJC_WEAK = YES;
				CLANG_WARN_BLOCK_CAPTURE_AUTORELEASING = YES;
				CLANG_WARN_BOOL_CONVERSION = YES;
				CLANG_WARN_COMMA = YES;
				CLANG_WARN_CONSTANT_CONVERSION = YES;
				CLANG_WARN_DEPRECATED_OBJC_IMPLEMENTATIONS = YES;
				CLANG_WARN_DIRECT_OBJC_ISA_USAGE = YES_ERROR;
				CLANG_WARN_DOCUMENTATION_COMMENTS = YES;
				CLANG_WARN_EMPTY_BODY = YES;
				CLANG_WARN_ENUM_CONVERSION = YES;
				CLANG_WARN_INFINITE_RECURSION = YES;
				CLANG_WARN_INT_CONVERSION = YES;
				CLANG_WARN_NON_LITERAL_NULL_CONVERSION = YES;
				CLANG_WARN_OBJC_IMPLICIT_RETAIN_SELF = YES;
				CLANG_WARN_OBJC_LITERAL_CONVERSION = YES;
				CLANG_WARN_OBJC_ROOT_CLASS = YES_ERROR;
				CLANG_WARN_RANGE_LOOP_ANALYSIS = YES;
				CLANG_WARN_STRICT_PROTOTYPES = YES;
				CLANG_WARN_SUSPICIOUS_MOVE = YES;
				CLANG_WARN_UNGUARDED_AVAILABILITY = YES_AGGRESSIVE;
				CLANG_WARN_UNREACHABLE_CODE = YES;
				CLANG_WARN__DUPLICATE_METHOD_MATCH = YES;
				CODE_SIGN_IDENTITY = "iPhone Developer";
				COPY_PHASE_STRIP = NO;
				DEBUG_INFORMATION_FORMAT = "dwarf-with-dsym";
				ENABLE_NS_ASSERTIONS = NO;
				ENABLE_STRICT_OBJC_MSGSEND = YES;
				GCC_C_LANGUAGE_STANDARD = gnu11;
				GCC_NO_COMMON_BLOCKS = YES;
				GCC_WARN_64_TO_32_BIT_CONVERSION = YES;
				GCC_WARN_ABOUT_RETURN_TYPE = YES_ERROR;
				GCC_WARN_UNDECLARED_SELECTOR = YES;
				GCC_WARN_UNINITIALIZED_AUTOS = YES_AGGRESSIVE;
				GCC_WARN_UNUSED_FUNCTION = YES;
				GCC_WARN_UNUSED_VARIABLE = YES;
				IPHONEOS_DEPLOYMENT_TARGET = 12.1;
				MTL_ENABLE_DEBUG_INFO = NO;
				MTL_FAST_MATH = YES;
				SDKROOT = iphoneos;
				SWIFT_COMPILATION_MODE = wholemodule;
				SWIFT_OPTIMIZATION_LEVEL = "-O";
				VALIDATE_PRODUCT = YES;
			};
			name = Release;
		};
		07C8F45A22AEFCE600D69671 /* Debug */ = {
			isa = XCBuildConfiguration;
			baseConfigurationReference = A27AEA14AFD13CEAC428310A /* Pods-HubdeskApp.debug.xcconfig */;
			buildSettings = {
				ASSETCATALOG_COMPILER_APPICON_NAME = AppIcon;
				CODE_SIGN_STYLE = Automatic;
				DEVELOPMENT_TEAM = D2G7297JH8;
				INFOPLIST_FILE = HubdeskApp/Info.plist;
				LD_RUNPATH_SEARCH_PATHS = (
					"$(inherited)",
					"@executable_path/Frameworks",
				);
				PRODUCT_BUNDLE_IDENTIFIER = com.garana.HubdeskApp;
				PRODUCT_NAME = "$(TARGET_NAME)";
				SWIFT_VERSION = 4.2;
				TARGETED_DEVICE_FAMILY = "1,2";
			};
			name = Debug;
		};
		07C8F45B22AEFCE600D69671 /* Release */ = {
			isa = XCBuildConfiguration;
			baseConfigurationReference = 7327124A6BD0F9EC8EA0AE85 /* Pods-HubdeskApp.release.xcconfig */;
			buildSettings = {
				ASSETCATALOG_COMPILER_APPICON_NAME = AppIcon;
				CODE_SIGN_STYLE = Automatic;
				DEVELOPMENT_TEAM = D2G7297JH8;
				INFOPLIST_FILE = HubdeskApp/Info.plist;
				LD_RUNPATH_SEARCH_PATHS = (
					"$(inherited)",
					"@executable_path/Frameworks",
				);
				PRODUCT_BUNDLE_IDENTIFIER = com.garana.HubdeskApp;
				PRODUCT_NAME = "$(TARGET_NAME)";
				SWIFT_VERSION = 4.2;
				TARGETED_DEVICE_FAMILY = "1,2";
			};
			name = Release;
		};
/* End XCBuildConfiguration section */

/* Begin XCConfigurationList section */
		07C8F43F22AEFCE400D69671 /* Build configuration list for PBXProject "HubdeskApp" */ = {
			isa = XCConfigurationList;
			buildConfigurations = (
				07C8F45722AEFCE600D69671 /* Debug */,
				07C8F45822AEFCE600D69671 /* Release */,
			);
			defaultConfigurationIsVisible = 0;
			defaultConfigurationName = Release;
		};
		07C8F45922AEFCE600D69671 /* Build configuration list for PBXNativeTarget "HubdeskApp" */ = {
			isa = XCConfigurationList;
			buildConfigurations = (
				07C8F45A22AEFCE600D69671 /* Debug */,
				07C8F45B22AEFCE600D69671 /* Release */,
			);
			defaultConfigurationIsVisible = 0;
			defaultConfigurationName = Release;
		};
/* End XCConfigurationList section */

/* Begin XCVersionGroup section */
		07C8F44E22AEFCE400D69671 /* HubdeskApp.xcdatamodeld */ = {
			isa = XCVersionGroup;
			children = (
				07C8F44F22AEFCE400D69671 /* HubdeskApp.xcdatamodel */,
			);
			currentVersion = 07C8F44F22AEFCE400D69671 /* HubdeskApp.xcdatamodel */;
			path = HubdeskApp.xcdatamodeld;
			sourceTree = "<group>";
			versionGroupType = wrapper.xcdatamodel;
		};
/* End XCVersionGroup section */
	};
	rootObject = 07C8F43C22AEFCE400D69671 /* Project object */;
}
